
Microsoft Visual Studio Solution File, Format Version 12.00
# Visual Studio 15
VisualStudioVersion = 15.0.28307.1525
MinimumVisualStudioVersion = 10.0.40219.1
Project("{FAE04EC0-301F-11D3-BF4B-00C04F79EFBC}") = "TaskHandler", "TaskHandler\TaskHandler.csproj", "{5798041F-6697-467E-97B8-949461973A5D}"
EndProject
Project("{FAE04EC0-301F-11D3-BF4B-00C04F79EFBC}") = "QueueDataStructuresLib", "QueueDataStructuresLib\QueueDataStructuresLib.csproj", "{EF7AD592-A7DA-469B-9126-4A737ED1CD81}"
EndProject
Global
	GlobalSection(SolutionConfigurationPlatforms) = preSolution
		Debug|Any CPU = Debug|Any CPU
		Release|Any CPU = Release|Any CPU
	EndGlobalSection
	GlobalSection(ProjectConfigurationPlatforms) = postSolution
		{5798041F-6697-467E-97B8-949461973A5D}.Debug|Any CPU.ActiveCfg = Debug|Any CPU
		{5798041F-6697-467E-97B8-949461973A5D}.Debug|Any CPU.Build.0 = Debug|Any CPU
		{5798041F-6697-467E-97B8-949461973A5D}.Release|Any CPU.ActiveCfg = Release|Any CPU
		{5798041F-6697-467E-97B8-949461973A5D}.Release|Any CPU.Build.0 = Release|Any CPU
		{EF7AD592-A7DA-469B-9126-4A737ED1CD81}.Debug|Any CPU.ActiveCfg = Debug|Any CPU
		{EF7AD592-A7DA-469B-9126-4A737ED1CD81}.Debug|Any CPU.Build.0 = Debug|Any CPU
		{EF7AD592-A7DA-469B-9126-4A737ED1CD81}.Release|Any CPU.ActiveCfg = Release|Any CPU
		{EF7AD592-A7DA-469B-9126-4A737ED1CD81}.Release|Any CPU.Build.0 = Release|Any CPU
	EndGlobalSection
	GlobalSection(SolutionProperties) = preSolution
		HideSolutionNode = FALSE
	EndGlobalSection
	GlobalSection(ExtensibilityGlobals) = postSolution
		SolutionGuid = {7300D729-0FC6-4D02-A1A8-B3DE12AECECF}
	EndGlobalSection
EndGlobal
